
Microsoft Visual Studio Solution File, Format Version 12.00
# Visual Studio Version 16
VisualStudioVersion = 16.0.30225.117
MinimumVisualStudioVersion = 10.0.40219.1
Project("{2150E333-8FDC-42A3-9474-1A3956D46DE8}") = "src", "src", "{9C842C4A-599E-4788-90DB-39BCBF4EFD91}"
EndProject
Project("{2150E333-8FDC-42A3-9474-1A3956D46DE8}") = "tests", "tests", "{B409B59D-48A4-4603-8961-F13E8CB1E99A}"
EndProject
Project("{2150E333-8FDC-42A3-9474-1A3956D46DE8}") = "BuildingBlocks", "BuildingBlocks", "{E4164F44-3079-4DAA-8FC6-C833CFEA9463}"
EndProject
Project("{2150E333-8FDC-42A3-9474-1A3956D46DE8}") = "Services", "Services", "{97E65A52-B2BD-40F7-8E37-92523F33EBC2}"
EndProject
Project("{2150E333-8FDC-42A3-9474-1A3956D46DE8}") = "WebApps", "WebApps", "{EAB9DEFE-FE3C-4BFF-83C7-D4F2DC9FEFA8}"
EndProject
Project("{2150E333-8FDC-42A3-9474-1A3956D46DE8}") = "Extract", "Extract", "{94AD6ADE-A286-48B7-9C89-EBBB1A079D0E}"
EndProject
Project("{2150E333-8FDC-42A3-9474-1A3956D46DE8}") = "Journal", "Journal", "{04D22802-1B2D-4FC7-8A0E-0849AD595B57}"
EndProject
Project("{E53339B2-1760-4266-BCC7-CA923CBCF16C}") = "docker-compose", "docker-compose.dcproj", "{A835D7CB-AAE3-48AB-B431-D487D54091D5}"
EndProject
Project("{2150E333-8FDC-42A3-9474-1A3956D46DE8}") = "Messaging", "Messaging", "{02AFC95F-B3C0-43A2-BB73-1DC38A09D97E}"
EndProject
Project("{9A19103F-16F7-4668-BE54-9A1E7A4F7556}") = "EventBus", "BuildingBlocks\Messaging\EventBus\EventBus.csproj", "{A95D062B-E84E-4A5D-810E-F8B39DDB4E9C}"
EndProject
Project("{9A19103F-16F7-4668-BE54-9A1E7A4F7556}") = "EventBusServiceBus", "BuildingBlocks\Messaging\EventBusServiceBus\EventBusServiceBus.csproj", "{369B8DD2-AD6C-40CB-8D37-EE4FC7202E8C}"
EndProject
Project("{9A19103F-16F7-4668-BE54-9A1E7A4F7556}") = "EventBusRabbitMQ", "BuildingBlocks\Messaging\EventBusRabbitMQ\EventBusRabbitMQ.csproj", "{CF1EEEFF-861A-4D6A-B91B-A7B070C9F27C}"
EndProject
Project("{9A19103F-16F7-4668-BE54-9A1E7A4F7556}") = "arx.Extract.Lib", "Services\Extract\arx.Extract.Lib\arx.Extract.Lib.csproj", "{4608E84B-EB74-41B6-A596-F9CAE47EBE4F}"
EndProject
Project("{9A19103F-16F7-4668-BE54-9A1E7A4F7556}") = "arx.Extract.BackgroundTasks", "Services\Extract\arx.Extract.BackgroundTasks\arx.Extract.BackgroundTasks.csproj", "{75E0A228-A3C5-4D84-862D-1B987757CE91}"
EndProject
Project("{9A19103F-16F7-4668-BE54-9A1E7A4F7556}") = "arx.Extract.API", "Services\Extract\arx.Extract.API\arx.Extract.API.csproj", "{B4C0E567-C86E-49D9-95D8-CFE64F0EA29F}"
EndProject
Project("{9A19103F-16F7-4668-BE54-9A1E7A4F7556}") = "arx.Extract.Data", "Services\Extract\arx.Extract.Data\arx.Extract.Data.csproj", "{E26CE36E-A550-43C4-95A8-89666A736213}"
EndProject
Project("{2150E333-8FDC-42A3-9474-1A3956D46DE8}") = "Solution Items", "Solution Items", "{65AD9F1D-9E71-4EF1-96D2-F7F122C4F991}"
	ProjectSection(SolutionItems) = preProject
		.env = .env
	EndProjectSection
EndProject
Project("{9A19103F-16F7-4668-BE54-9A1E7A4F7556}") = "arx.Extract.Types", "Services\Extract\arx.Extract.Types\arx.Extract.Types.csproj", "{3F06182B-A094-4518-8D4E-A8B94F126BB6}"
EndProject
Project("{2150E333-8FDC-42A3-9474-1A3956D46DE8}") = "Extensions", "Extensions", "{D63A43EC-3D02-45FA-A973-3A27A002E700}"
EndProject
Project("{9A19103F-16F7-4668-BE54-9A1E7A4F7556}") = "Common.Util", "BuildingBlocks\Extensions\Common.Util\Common.Util.csproj", "{A57A34F1-F17E-4E9A-B1A1-5425C0FF2DBD}"
EndProject
Project("{9A19103F-16F7-4668-BE54-9A1E7A4F7556}") = "Journal.Domain", "Services\Journal\Journal.Domain\Journal.Domain.csproj", "{459E3E26-01CE-4336-948D-FB45036D48B2}"
EndProject
Project("{9A19103F-16F7-4668-BE54-9A1E7A4F7556}") = "Journal.API", "Services\Journal\Journal.API\Journal.API.csproj", "{65663453-2072-4A20-8A88-F553E8BE0AA2}"
EndProject
Project("{9A19103F-16F7-4668-BE54-9A1E7A4F7556}") = "Journal.BackgroundTasks", "Services\Journal\Journal.BackgroundTasks\Journal.BackgroundTasks.csproj", "{774231D4-6A78-4C3F-90BA-8319654CEBD5}"
EndProject
Project("{9A19103F-16F7-4668-BE54-9A1E7A4F7556}") = "Journal.Infrastructure", "Services\Journal\Journal.Infrastructure\Journal.Infrastructure.csproj", "{7028B3E8-DCEE-4B72-B803-AE2F272242DB}"
EndProject
Project("{2150E333-8FDC-42A3-9474-1A3956D46DE8}") = "HostExtensions", "HostExtensions", "{344C1C5E-5264-4B05-81B8-58DA6072CB02}"
EndProject
Project("{9A19103F-16F7-4668-BE54-9A1E7A4F7556}") = "Host.Customization", "BuildingBlocks\HostExtensions\Host.Customization\Host.Customization.csproj", "{43826768-ED3D-4F9C-905F-0C5E2FA820E9}"
EndProject
Global
	GlobalSection(SolutionConfigurationPlatforms) = preSolution
		Debug|Any CPU = Debug|Any CPU
		Release|Any CPU = Release|Any CPU
	EndGlobalSection
	GlobalSection(ProjectConfigurationPlatforms) = postSolution
		{A835D7CB-AAE3-48AB-B431-D487D54091D5}.Debug|Any CPU.ActiveCfg = Debug|Any CPU
		{A835D7CB-AAE3-48AB-B431-D487D54091D5}.Debug|Any CPU.Build.0 = Debug|Any CPU
		{A835D7CB-AAE3-48AB-B431-D487D54091D5}.Release|Any CPU.ActiveCfg = Release|Any CPU
		{A835D7CB-AAE3-48AB-B431-D487D54091D5}.Release|Any CPU.Build.0 = Release|Any CPU
		{A95D062B-E84E-4A5D-810E-F8B39DDB4E9C}.Debug|Any CPU.ActiveCfg = Debug|Any CPU
		{A95D062B-E84E-4A5D-810E-F8B39DDB4E9C}.Debug|Any CPU.Build.0 = Debug|Any CPU
		{A95D062B-E84E-4A5D-810E-F8B39DDB4E9C}.Release|Any CPU.ActiveCfg = Release|Any CPU
		{A95D062B-E84E-4A5D-810E-F8B39DDB4E9C}.Release|Any CPU.Build.0 = Release|Any CPU
		{369B8DD2-AD6C-40CB-8D37-EE4FC7202E8C}.Debug|Any CPU.ActiveCfg = Debug|Any CPU
		{369B8DD2-AD6C-40CB-8D37-EE4FC7202E8C}.Debug|Any CPU.Build.0 = Debug|Any CPU
		{369B8DD2-AD6C-40CB-8D37-EE4FC7202E8C}.Release|Any CPU.ActiveCfg = Release|Any CPU
		{369B8DD2-AD6C-40CB-8D37-EE4FC7202E8C}.Release|Any CPU.Build.0 = Release|Any CPU
		{CF1EEEFF-861A-4D6A-B91B-A7B070C9F27C}.Debug|Any CPU.ActiveCfg = Debug|Any CPU
		{CF1EEEFF-861A-4D6A-B91B-A7B070C9F27C}.Debug|Any CPU.Build.0 = Debug|Any CPU
		{CF1EEEFF-861A-4D6A-B91B-A7B070C9F27C}.Release|Any CPU.ActiveCfg = Release|Any CPU
		{CF1EEEFF-861A-4D6A-B91B-A7B070C9F27C}.Release|Any CPU.Build.0 = Release|Any CPU
		{4608E84B-EB74-41B6-A596-F9CAE47EBE4F}.Debug|Any CPU.ActiveCfg = Debug|Any CPU
		{4608E84B-EB74-41B6-A596-F9CAE47EBE4F}.Debug|Any CPU.Build.0 = Debug|Any CPU
		{4608E84B-EB74-41B6-A596-F9CAE47EBE4F}.Release|Any CPU.ActiveCfg = Release|Any CPU
		{4608E84B-EB74-41B6-A596-F9CAE47EBE4F}.Release|Any CPU.Build.0 = Release|Any CPU
		{75E0A228-A3C5-4D84-862D-1B987757CE91}.Debug|Any CPU.ActiveCfg = Debug|Any CPU
		{75E0A228-A3C5-4D84-862D-1B987757CE91}.Debug|Any CPU.Build.0 = Debug|Any CPU
		{75E0A228-A3C5-4D84-862D-1B987757CE91}.Release|Any CPU.ActiveCfg = Release|Any CPU
		{75E0A228-A3C5-4D84-862D-1B987757CE91}.Release|Any CPU.Build.0 = Release|Any CPU
		{B4C0E567-C86E-49D9-95D8-CFE64F0EA29F}.Debug|Any CPU.ActiveCfg = Debug|Any CPU
		{B4C0E567-C86E-49D9-95D8-CFE64F0EA29F}.Debug|Any CPU.Build.0 = Debug|Any CPU
		{B4C0E567-C86E-49D9-95D8-CFE64F0EA29F}.Release|Any CPU.ActiveCfg = Release|Any CPU
		{B4C0E567-C86E-49D9-95D8-CFE64F0EA29F}.Release|Any CPU.Build.0 = Release|Any CPU
		{E26CE36E-A550-43C4-95A8-89666A736213}.Debug|Any CPU.ActiveCfg = Debug|Any CPU
		{E26CE36E-A550-43C4-95A8-89666A736213}.Debug|Any CPU.Build.0 = Debug|Any CPU
		{E26CE36E-A550-43C4-95A8-89666A736213}.Release|Any CPU.ActiveCfg = Release|Any CPU
		{E26CE36E-A550-43C4-95A8-89666A736213}.Release|Any CPU.Build.0 = Release|Any CPU
		{3F06182B-A094-4518-8D4E-A8B94F126BB6}.Debug|Any CPU.ActiveCfg = Debug|Any CPU
		{3F06182B-A094-4518-8D4E-A8B94F126BB6}.Debug|Any CPU.Build.0 = Debug|Any CPU
		{3F06182B-A094-4518-8D4E-A8B94F126BB6}.Release|Any CPU.ActiveCfg = Release|Any CPU
		{3F06182B-A094-4518-8D4E-A8B94F126BB6}.Release|Any CPU.Build.0 = Release|Any CPU
		{A57A34F1-F17E-4E9A-B1A1-5425C0FF2DBD}.Debug|Any CPU.ActiveCfg = Debug|Any CPU
		{A57A34F1-F17E-4E9A-B1A1-5425C0FF2DBD}.Debug|Any CPU.Build.0 = Debug|Any CPU
		{A57A34F1-F17E-4E9A-B1A1-5425C0FF2DBD}.Release|Any CPU.ActiveCfg = Release|Any CPU
		{A57A34F1-F17E-4E9A-B1A1-5425C0FF2DBD}.Release|Any CPU.Build.0 = Release|Any CPU
		{459E3E26-01CE-4336-948D-FB45036D48B2}.Debug|Any CPU.ActiveCfg = Debug|Any CPU
		{459E3E26-01CE-4336-948D-FB45036D48B2}.Debug|Any CPU.Build.0 = Debug|Any CPU
		{459E3E26-01CE-4336-948D-FB45036D48B2}.Release|Any CPU.ActiveCfg = Release|Any CPU
		{459E3E26-01CE-4336-948D-FB45036D48B2}.Release|Any CPU.Build.0 = Release|Any CPU
		{65663453-2072-4A20-8A88-F553E8BE0AA2}.Debug|Any CPU.ActiveCfg = Debug|Any CPU
		{65663453-2072-4A20-8A88-F553E8BE0AA2}.Debug|Any CPU.Build.0 = Debug|Any CPU
		{65663453-2072-4A20-8A88-F553E8BE0AA2}.Release|Any CPU.ActiveCfg = Release|Any CPU
		{65663453-2072-4A20-8A88-F553E8BE0AA2}.Release|Any CPU.Build.0 = Release|Any CPU
		{774231D4-6A78-4C3F-90BA-8319654CEBD5}.Debug|Any CPU.ActiveCfg = Debug|Any CPU
		{774231D4-6A78-4C3F-90BA-8319654CEBD5}.Debug|Any CPU.Build.0 = Debug|Any CPU
		{774231D4-6A78-4C3F-90BA-8319654CEBD5}.Release|Any CPU.ActiveCfg = Release|Any CPU
		{774231D4-6A78-4C3F-90BA-8319654CEBD5}.Release|Any CPU.Build.0 = Release|Any CPU
		{7028B3E8-DCEE-4B72-B803-AE2F272242DB}.Debug|Any CPU.ActiveCfg = Debug|Any CPU
		{7028B3E8-DCEE-4B72-B803-AE2F272242DB}.Debug|Any CPU.Build.0 = Debug|Any CPU
		{7028B3E8-DCEE-4B72-B803-AE2F272242DB}.Release|Any CPU.ActiveCfg = Release|Any CPU
		{7028B3E8-DCEE-4B72-B803-AE2F272242DB}.Release|Any CPU.Build.0 = Release|Any CPU
		{43826768-ED3D-4F9C-905F-0C5E2FA820E9}.Debug|Any CPU.ActiveCfg = Debug|Any CPU
		{43826768-ED3D-4F9C-905F-0C5E2FA820E9}.Debug|Any CPU.Build.0 = Debug|Any CPU
		{43826768-ED3D-4F9C-905F-0C5E2FA820E9}.Release|Any CPU.ActiveCfg = Release|Any CPU
		{43826768-ED3D-4F9C-905F-0C5E2FA820E9}.Release|Any CPU.Build.0 = Release|Any CPU
	EndGlobalSection
	GlobalSection(SolutionProperties) = preSolution
		HideSolutionNode = FALSE
	EndGlobalSection
	GlobalSection(NestedProjects) = preSolution
		{E4164F44-3079-4DAA-8FC6-C833CFEA9463} = {9C842C4A-599E-4788-90DB-39BCBF4EFD91}
		{97E65A52-B2BD-40F7-8E37-92523F33EBC2} = {9C842C4A-599E-4788-90DB-39BCBF4EFD91}
		{EAB9DEFE-FE3C-4BFF-83C7-D4F2DC9FEFA8} = {9C842C4A-599E-4788-90DB-39BCBF4EFD91}
		{94AD6ADE-A286-48B7-9C89-EBBB1A079D0E} = {97E65A52-B2BD-40F7-8E37-92523F33EBC2}
		{04D22802-1B2D-4FC7-8A0E-0849AD595B57} = {97E65A52-B2BD-40F7-8E37-92523F33EBC2}
		{02AFC95F-B3C0-43A2-BB73-1DC38A09D97E} = {E4164F44-3079-4DAA-8FC6-C833CFEA9463}
		{A95D062B-E84E-4A5D-810E-F8B39DDB4E9C} = {02AFC95F-B3C0-43A2-BB73-1DC38A09D97E}
		{369B8DD2-AD6C-40CB-8D37-EE4FC7202E8C} = {02AFC95F-B3C0-43A2-BB73-1DC38A09D97E}
		{CF1EEEFF-861A-4D6A-B91B-A7B070C9F27C} = {02AFC95F-B3C0-43A2-BB73-1DC38A09D97E}
		{4608E84B-EB74-41B6-A596-F9CAE47EBE4F} = {94AD6ADE-A286-48B7-9C89-EBBB1A079D0E}
		{75E0A228-A3C5-4D84-862D-1B987757CE91} = {94AD6ADE-A286-48B7-9C89-EBBB1A079D0E}
		{B4C0E567-C86E-49D9-95D8-CFE64F0EA29F} = {94AD6ADE-A286-48B7-9C89-EBBB1A079D0E}
		{E26CE36E-A550-43C4-95A8-89666A736213} = {94AD6ADE-A286-48B7-9C89-EBBB1A079D0E}
		{3F06182B-A094-4518-8D4E-A8B94F126BB6} = {94AD6ADE-A286-48B7-9C89-EBBB1A079D0E}
		{D63A43EC-3D02-45FA-A973-3A27A002E700} = {E4164F44-3079-4DAA-8FC6-C833CFEA9463}
		{A57A34F1-F17E-4E9A-B1A1-5425C0FF2DBD} = {D63A43EC-3D02-45FA-A973-3A27A002E700}
		{459E3E26-01CE-4336-948D-FB45036D48B2} = {04D22802-1B2D-4FC7-8A0E-0849AD595B57}
		{65663453-2072-4A20-8A88-F553E8BE0AA2} = {04D22802-1B2D-4FC7-8A0E-0849AD595B57}
		{774231D4-6A78-4C3F-90BA-8319654CEBD5} = {04D22802-1B2D-4FC7-8A0E-0849AD595B57}
		{7028B3E8-DCEE-4B72-B803-AE2F272242DB} = {04D22802-1B2D-4FC7-8A0E-0849AD595B57}
		{344C1C5E-5264-4B05-81B8-58DA6072CB02} = {E4164F44-3079-4DAA-8FC6-C833CFEA9463}
		{43826768-ED3D-4F9C-905F-0C5E2FA820E9} = {344C1C5E-5264-4B05-81B8-58DA6072CB02}
	EndGlobalSection
	GlobalSection(ExtensibilityGlobals) = postSolution
		SolutionGuid = {F51A04B3-2737-4B48-A4D1-959A9BE6F830}
	EndGlobalSection
EndGlobal
