
Microsoft Visual Studio Solution File, Format Version 12.00
# Visual Studio Version 16
VisualStudioVersion = 16.0.30225.117
MinimumVisualStudioVersion = 10.0.40219.1
Project("{2150E333-8FDC-42A3-9474-1A3956D46DE8}") = "src", "src", "{9C842C4A-599E-4788-90DB-39BCBF4EFD91}"
EndProject
Project("{2150E333-8FDC-42A3-9474-1A3956D46DE8}") = "tests", "tests", "{B409B59D-48A4-4603-8961-F13E8CB1E99A}"
EndProject
Project("{2150E333-8FDC-42A3-9474-1A3956D46DE8}") = "BuildingBlocks", "BuildingBlocks", "{E4164F44-3079-4DAA-8FC6-C833CFEA9463}"
EndProject
Project("{2150E333-8FDC-42A3-9474-1A3956D46DE8}") = "Services", "Services", "{97E65A52-B2BD-40F7-8E37-92523F33EBC2}"
EndProject
Project("{2150E333-8FDC-42A3-9474-1A3956D46DE8}") = "WebApps", "WebApps", "{EAB9DEFE-FE3C-4BFF-83C7-D4F2DC9FEFA8}"
EndProject
Project("{2150E333-8FDC-42A3-9474-1A3956D46DE8}") = "Extract", "Extract", "{94AD6ADE-A286-48B7-9C89-EBBB1A079D0E}"
EndProject
Project("{2150E333-8FDC-42A3-9474-1A3956D46DE8}") = "Archive", "Archive", "{04D22802-1B2D-4FC7-8A0E-0849AD595B57}"
EndProject
Project("{9A19103F-16F7-4668-BE54-9A1E7A4F7556}") = "arx.Extract.Lib", "arx.Extract.Lib\arx.Extract.Lib.csproj", "{0DACFF06-CE02-48A2-87E6-11168132B012}"
EndProject
Project("{9A19103F-16F7-4668-BE54-9A1E7A4F7556}") = "arx.Extract.API", "arx.Extract.API\arx.Extract.API.csproj", "{DF9F9AF7-AED1-4949-9B2A-DC3F4559C311}"
EndProject
Project("{E53339B2-1760-4266-BCC7-CA923CBCF16C}") = "docker-compose", "docker-compose.dcproj", "{A835D7CB-AAE3-48AB-B431-D487D54091D5}"
EndProject
Project("{9A19103F-16F7-4668-BE54-9A1E7A4F7556}") = "arx.Extract.BackgroundTasks", "arx.Extract.BackgroundTasks\arx.Extract.BackgroundTasks.csproj", "{E9B58FAC-3DC3-4B47-96A7-E760329D81BA}"
EndProject
Project("{2150E333-8FDC-42A3-9474-1A3956D46DE8}") = "Messaging", "Messaging", "{02AFC95F-B3C0-43A2-BB73-1DC38A09D97E}"
EndProject
Project("{9A19103F-16F7-4668-BE54-9A1E7A4F7556}") = "EventBus", "BuildingBlocks\Messaging\EventBus\EventBus.csproj", "{A95D062B-E84E-4A5D-810E-F8B39DDB4E9C}"
EndProject
Project("{9A19103F-16F7-4668-BE54-9A1E7A4F7556}") = "EventBusServiceBus", "BuildingBlocks\Messaging\EventBusServiceBus\EventBusServiceBus.csproj", "{369B8DD2-AD6C-40CB-8D37-EE4FC7202E8C}"
EndProject
Project("{FAE04EC0-301F-11D3-BF4B-00C04F79EFBC}") = "EventBusRabbitMQ", "BuildingBlocks\Messaging\EventBusRabbitMQ\EventBusRabbitMQ.csproj", "{CF1EEEFF-861A-4D6A-B91B-A7B070C9F27C}"
EndProject
Global
	GlobalSection(SolutionConfigurationPlatforms) = preSolution
		Debug|Any CPU = Debug|Any CPU
		Release|Any CPU = Release|Any CPU
	EndGlobalSection
	GlobalSection(ProjectConfigurationPlatforms) = postSolution
		{0DACFF06-CE02-48A2-87E6-11168132B012}.Debug|Any CPU.ActiveCfg = Debug|Any CPU
		{0DACFF06-CE02-48A2-87E6-11168132B012}.Debug|Any CPU.Build.0 = Debug|Any CPU
		{0DACFF06-CE02-48A2-87E6-11168132B012}.Release|Any CPU.ActiveCfg = Release|Any CPU
		{0DACFF06-CE02-48A2-87E6-11168132B012}.Release|Any CPU.Build.0 = Release|Any CPU
		{DF9F9AF7-AED1-4949-9B2A-DC3F4559C311}.Debug|Any CPU.ActiveCfg = Debug|Any CPU
		{DF9F9AF7-AED1-4949-9B2A-DC3F4559C311}.Debug|Any CPU.Build.0 = Debug|Any CPU
		{DF9F9AF7-AED1-4949-9B2A-DC3F4559C311}.Release|Any CPU.ActiveCfg = Release|Any CPU
		{DF9F9AF7-AED1-4949-9B2A-DC3F4559C311}.Release|Any CPU.Build.0 = Release|Any CPU
		{A835D7CB-AAE3-48AB-B431-D487D54091D5}.Debug|Any CPU.ActiveCfg = Debug|Any CPU
		{A835D7CB-AAE3-48AB-B431-D487D54091D5}.Debug|Any CPU.Build.0 = Debug|Any CPU
		{A835D7CB-AAE3-48AB-B431-D487D54091D5}.Release|Any CPU.ActiveCfg = Release|Any CPU
		{A835D7CB-AAE3-48AB-B431-D487D54091D5}.Release|Any CPU.Build.0 = Release|Any CPU
		{E9B58FAC-3DC3-4B47-96A7-E760329D81BA}.Debug|Any CPU.ActiveCfg = Debug|Any CPU
		{E9B58FAC-3DC3-4B47-96A7-E760329D81BA}.Debug|Any CPU.Build.0 = Debug|Any CPU
		{E9B58FAC-3DC3-4B47-96A7-E760329D81BA}.Release|Any CPU.ActiveCfg = Release|Any CPU
		{E9B58FAC-3DC3-4B47-96A7-E760329D81BA}.Release|Any CPU.Build.0 = Release|Any CPU
		{A95D062B-E84E-4A5D-810E-F8B39DDB4E9C}.Debug|Any CPU.ActiveCfg = Debug|Any CPU
		{A95D062B-E84E-4A5D-810E-F8B39DDB4E9C}.Debug|Any CPU.Build.0 = Debug|Any CPU
		{A95D062B-E84E-4A5D-810E-F8B39DDB4E9C}.Release|Any CPU.ActiveCfg = Release|Any CPU
		{A95D062B-E84E-4A5D-810E-F8B39DDB4E9C}.Release|Any CPU.Build.0 = Release|Any CPU
		{369B8DD2-AD6C-40CB-8D37-EE4FC7202E8C}.Debug|Any CPU.ActiveCfg = Debug|Any CPU
		{369B8DD2-AD6C-40CB-8D37-EE4FC7202E8C}.Debug|Any CPU.Build.0 = Debug|Any CPU
		{369B8DD2-AD6C-40CB-8D37-EE4FC7202E8C}.Release|Any CPU.ActiveCfg = Release|Any CPU
		{369B8DD2-AD6C-40CB-8D37-EE4FC7202E8C}.Release|Any CPU.Build.0 = Release|Any CPU
		{CF1EEEFF-861A-4D6A-B91B-A7B070C9F27C}.Debug|Any CPU.ActiveCfg = Debug|Any CPU
		{CF1EEEFF-861A-4D6A-B91B-A7B070C9F27C}.Debug|Any CPU.Build.0 = Debug|Any CPU
		{CF1EEEFF-861A-4D6A-B91B-A7B070C9F27C}.Release|Any CPU.ActiveCfg = Release|Any CPU
		{CF1EEEFF-861A-4D6A-B91B-A7B070C9F27C}.Release|Any CPU.Build.0 = Release|Any CPU
	EndGlobalSection
	GlobalSection(SolutionProperties) = preSolution
		HideSolutionNode = FALSE
	EndGlobalSection
	GlobalSection(NestedProjects) = preSolution
		{E4164F44-3079-4DAA-8FC6-C833CFEA9463} = {9C842C4A-599E-4788-90DB-39BCBF4EFD91}
		{97E65A52-B2BD-40F7-8E37-92523F33EBC2} = {9C842C4A-599E-4788-90DB-39BCBF4EFD91}
		{EAB9DEFE-FE3C-4BFF-83C7-D4F2DC9FEFA8} = {9C842C4A-599E-4788-90DB-39BCBF4EFD91}
		{94AD6ADE-A286-48B7-9C89-EBBB1A079D0E} = {97E65A52-B2BD-40F7-8E37-92523F33EBC2}
		{04D22802-1B2D-4FC7-8A0E-0849AD595B57} = {97E65A52-B2BD-40F7-8E37-92523F33EBC2}
		{0DACFF06-CE02-48A2-87E6-11168132B012} = {94AD6ADE-A286-48B7-9C89-EBBB1A079D0E}
		{DF9F9AF7-AED1-4949-9B2A-DC3F4559C311} = {94AD6ADE-A286-48B7-9C89-EBBB1A079D0E}
		{E9B58FAC-3DC3-4B47-96A7-E760329D81BA} = {94AD6ADE-A286-48B7-9C89-EBBB1A079D0E}
		{02AFC95F-B3C0-43A2-BB73-1DC38A09D97E} = {E4164F44-3079-4DAA-8FC6-C833CFEA9463}
		{A95D062B-E84E-4A5D-810E-F8B39DDB4E9C} = {02AFC95F-B3C0-43A2-BB73-1DC38A09D97E}
		{369B8DD2-AD6C-40CB-8D37-EE4FC7202E8C} = {02AFC95F-B3C0-43A2-BB73-1DC38A09D97E}
		{CF1EEEFF-861A-4D6A-B91B-A7B070C9F27C} = {02AFC95F-B3C0-43A2-BB73-1DC38A09D97E}
	EndGlobalSection
	GlobalSection(ExtensibilityGlobals) = postSolution
		SolutionGuid = {F51A04B3-2737-4B48-A4D1-959A9BE6F830}
	EndGlobalSection
EndGlobal
